
Microsoft Visual Studio Solution File, Format Version 12.00
# Visual Studio Version 17
VisualStudioVersion = 17.13.35931.197 d17.13
MinimumVisualStudioVersion = 10.0.40219.1
Project("{FAE04EC0-301F-11D3-BF4B-00C04F79EFBC}") = "Prime.Net", "Prime.Net\Prime.Net.csproj", "{5497C1E3-941E-46F8-8175-7C72FE112EC4}"
EndProject
Global
	GlobalSection(SolutionConfigurationPlatforms) = preSolution
		Debug|Any CPU = Debug|Any CPU
		Release|Any CPU = Release|Any CPU
	EndGlobalSection
	GlobalSection(ProjectConfigurationPlatforms) = postSolution
		{5497C1E3-941E-46F8-8175-7C72FE112EC4}.Debug|Any CPU.ActiveCfg = Debug|Any CPU
		{5497C1E3-941E-46F8-8175-7C72FE112EC4}.Debug|Any CPU.Build.0 = Debug|Any CPU
		{5497C1E3-941E-46F8-8175-7C72FE112EC4}.Release|Any CPU.ActiveCfg = Release|Any CPU
		{5497C1E3-941E-46F8-8175-7C72FE112EC4}.Release|Any CPU.Build.0 = Release|Any CPU
	EndGlobalSection
	GlobalSection(SolutionProperties) = preSolution
		HideSolutionNode = FALSE
	EndGlobalSection
	GlobalSection(ExtensibilityGlobals) = postSolution
		SolutionGuid = {1BD87E94-5543-4D7D-A3BE-8131AA2A68E8}
	EndGlobalSection
EndGlobal
